
Microsoft Visual Studio Solution File, Format Version 12.00
# Visual Studio Version 16
VisualStudioVersion = 16.0.30413.136
MinimumVisualStudioVersion = 10.0.40219.1
Project("{FAE04EC0-301F-11D3-BF4B-00C04F79EFBC}") = "VideoBarcodeGenerator.Core", "VideoBarcodeGenerator.Core\VideoBarcodeGenerator.Core.csproj", "{534B5742-95CC-4ADE-B59B-A782DED5E271}"
EndProject
Project("{FAE04EC0-301F-11D3-BF4B-00C04F79EFBC}") = "VideoBarcodeGenerator.Wpf", "VideoBarcodeGenerator.Wpf\VideoBarcodeGenerator.Wpf.csproj", "{BCA5B3C2-190B-49E0-9867-70FB20F93FA5}"
EndProject
Global
	GlobalSection(SolutionConfigurationPlatforms) = preSolution
		Debug|Any CPU = Debug|Any CPU
		Release|Any CPU = Release|Any CPU
	EndGlobalSection
	GlobalSection(ProjectConfigurationPlatforms) = postSolution
		{534B5742-95CC-4ADE-B59B-A782DED5E271}.Debug|Any CPU.ActiveCfg = Debug|Any CPU
		{534B5742-95CC-4ADE-B59B-A782DED5E271}.Debug|Any CPU.Build.0 = Debug|Any CPU
		{534B5742-95CC-4ADE-B59B-A782DED5E271}.Release|Any CPU.ActiveCfg = Release|Any CPU
		{534B5742-95CC-4ADE-B59B-A782DED5E271}.Release|Any CPU.Build.0 = Release|Any CPU
		{BCA5B3C2-190B-49E0-9867-70FB20F93FA5}.Debug|Any CPU.ActiveCfg = Debug|Any CPU
		{BCA5B3C2-190B-49E0-9867-70FB20F93FA5}.Debug|Any CPU.Build.0 = Debug|Any CPU
		{BCA5B3C2-190B-49E0-9867-70FB20F93FA5}.Release|Any CPU.ActiveCfg = Release|Any CPU
		{BCA5B3C2-190B-49E0-9867-70FB20F93FA5}.Release|Any CPU.Build.0 = Release|Any CPU
	EndGlobalSection
	GlobalSection(SolutionProperties) = preSolution
		HideSolutionNode = FALSE
	EndGlobalSection
	GlobalSection(ExtensibilityGlobals) = postSolution
		SolutionGuid = {3ED02D30-3084-48F4-B973-7F2636C81C2F}
	EndGlobalSection
EndGlobal
